
Microsoft Visual Studio Solution File, Format Version 12.00
# Visual Studio Version 16
VisualStudioVersion = 16.0.28922.388
MinimumVisualStudioVersion = 10.0.40219.1
Project("{9A19103F-16F7-4668-BE54-9A1E7A4F7556}") = "ProjetoViajaNet", "ProjetoViajaNet\ProjetoViajaNet.csproj", "{6B51719F-DCAC-4BC3-B78E-15FCF2606605}"
EndProject
Project("{FAE04EC0-301F-11D3-BF4B-00C04F79EFBC}") = "Domain", "Domain\Domain.csproj", "{1D22702F-B320-42BD-B277-4A8AD8E89591}"
EndProject
Project("{FAE04EC0-301F-11D3-BF4B-00C04F79EFBC}") = "Infra", "Infra\Infra.csproj", "{31BE94EE-219D-41EF-93A6-BFE85A5F6A48}"
EndProject
Project("{FAE04EC0-301F-11D3-BF4B-00C04F79EFBC}") = "Services", "Services\Services.csproj", "{0872B9EA-7AF1-4250-BE5C-97AEF8A5608B}"
EndProject
Global
	GlobalSection(SolutionConfigurationPlatforms) = preSolution
		Debug|Any CPU = Debug|Any CPU
		Release|Any CPU = Release|Any CPU
	EndGlobalSection
	GlobalSection(ProjectConfigurationPlatforms) = postSolution
		{6B51719F-DCAC-4BC3-B78E-15FCF2606605}.Debug|Any CPU.ActiveCfg = Debug|Any CPU
		{6B51719F-DCAC-4BC3-B78E-15FCF2606605}.Debug|Any CPU.Build.0 = Debug|Any CPU
		{6B51719F-DCAC-4BC3-B78E-15FCF2606605}.Release|Any CPU.ActiveCfg = Release|Any CPU
		{6B51719F-DCAC-4BC3-B78E-15FCF2606605}.Release|Any CPU.Build.0 = Release|Any CPU
		{1D22702F-B320-42BD-B277-4A8AD8E89591}.Debug|Any CPU.ActiveCfg = Debug|Any CPU
		{1D22702F-B320-42BD-B277-4A8AD8E89591}.Debug|Any CPU.Build.0 = Debug|Any CPU
		{1D22702F-B320-42BD-B277-4A8AD8E89591}.Release|Any CPU.ActiveCfg = Release|Any CPU
		{1D22702F-B320-42BD-B277-4A8AD8E89591}.Release|Any CPU.Build.0 = Release|Any CPU
		{31BE94EE-219D-41EF-93A6-BFE85A5F6A48}.Debug|Any CPU.ActiveCfg = Debug|Any CPU
		{31BE94EE-219D-41EF-93A6-BFE85A5F6A48}.Debug|Any CPU.Build.0 = Debug|Any CPU
		{31BE94EE-219D-41EF-93A6-BFE85A5F6A48}.Release|Any CPU.ActiveCfg = Release|Any CPU
		{31BE94EE-219D-41EF-93A6-BFE85A5F6A48}.Release|Any CPU.Build.0 = Release|Any CPU
		{0872B9EA-7AF1-4250-BE5C-97AEF8A5608B}.Debug|Any CPU.ActiveCfg = Debug|Any CPU
		{0872B9EA-7AF1-4250-BE5C-97AEF8A5608B}.Debug|Any CPU.Build.0 = Debug|Any CPU
		{0872B9EA-7AF1-4250-BE5C-97AEF8A5608B}.Release|Any CPU.ActiveCfg = Release|Any CPU
		{0872B9EA-7AF1-4250-BE5C-97AEF8A5608B}.Release|Any CPU.Build.0 = Release|Any CPU
	EndGlobalSection
	GlobalSection(SolutionProperties) = preSolution
		HideSolutionNode = FALSE
	EndGlobalSection
	GlobalSection(ExtensibilityGlobals) = postSolution
		SolutionGuid = {3F1F044F-3771-428B-88A7-B7BF1A09CC21}
	EndGlobalSection
EndGlobal
